{
  "nodes": {
    "nixpkgs": {
      "locked": {
        "lastModified": 1632345332,
        "narHash": "sha256-cKUxYtZTVNrGiGDhPVbH8b25hSwJvWisMEsVkbKXsF8=",
        "owner": "NixOS",
        "repo": "nixpkgs",
        "rev": "4a72ffc2d418b948bd4cd0d6233c5fe9b0a0aa2a",
        "type": "github"
      },
      "original": {
        "id": "nixpkgs",
        "type": "indirect"
      }
    },
    "root": {
      "inputs": {
        "nixpkgs": "nixpkgs"
      }
    }
  },
  "root": "root",
  "version": 7
}
